
Microsoft Visual Studio Solution File, Format Version 12.00
# Visual Studio Version 16
VisualStudioVersion = 16.0.29926.136
MinimumVisualStudioVersion = 15.0.26124.0
Project("{9A19103F-16F7-4668-BE54-9A1E7A4F7556}") = "AzureRedisCache", "src\AzureRedisCache\AzureRedisCache.csproj", "{D5009FEF-7C58-4138-88E3-4B525C8A638B}"
EndProject
Project("{9A19103F-16F7-4668-BE54-9A1E7A4F7556}") = "webappdemo", "src\webappdemo\webappdemo.csproj", "{F4DA26B3-34D0-4939-A343-235225C946A5}"
EndProject
Global
	GlobalSection(SolutionConfigurationPlatforms) = preSolution
		Debug|Any CPU = Debug|Any CPU
		Debug|x64 = Debug|x64
		Debug|x86 = Debug|x86
		Release|Any CPU = Release|Any CPU
		Release|x64 = Release|x64
		Release|x86 = Release|x86
	EndGlobalSection
	GlobalSection(ProjectConfigurationPlatforms) = postSolution
		{D5009FEF-7C58-4138-88E3-4B525C8A638B}.Debug|Any CPU.ActiveCfg = Debug|Any CPU
		{D5009FEF-7C58-4138-88E3-4B525C8A638B}.Debug|Any CPU.Build.0 = Debug|Any CPU
		{D5009FEF-7C58-4138-88E3-4B525C8A638B}.Debug|x64.ActiveCfg = Debug|Any CPU
		{D5009FEF-7C58-4138-88E3-4B525C8A638B}.Debug|x64.Build.0 = Debug|Any CPU
		{D5009FEF-7C58-4138-88E3-4B525C8A638B}.Debug|x86.ActiveCfg = Debug|Any CPU
		{D5009FEF-7C58-4138-88E3-4B525C8A638B}.Debug|x86.Build.0 = Debug|Any CPU
		{D5009FEF-7C58-4138-88E3-4B525C8A638B}.Release|Any CPU.ActiveCfg = Release|Any CPU
		{D5009FEF-7C58-4138-88E3-4B525C8A638B}.Release|Any CPU.Build.0 = Release|Any CPU
		{D5009FEF-7C58-4138-88E3-4B525C8A638B}.Release|x64.ActiveCfg = Release|Any CPU
		{D5009FEF-7C58-4138-88E3-4B525C8A638B}.Release|x64.Build.0 = Release|Any CPU
		{D5009FEF-7C58-4138-88E3-4B525C8A638B}.Release|x86.ActiveCfg = Release|Any CPU
		{D5009FEF-7C58-4138-88E3-4B525C8A638B}.Release|x86.Build.0 = Release|Any CPU
		{F4DA26B3-34D0-4939-A343-235225C946A5}.Debug|Any CPU.ActiveCfg = Debug|Any CPU
		{F4DA26B3-34D0-4939-A343-235225C946A5}.Debug|Any CPU.Build.0 = Debug|Any CPU
		{F4DA26B3-34D0-4939-A343-235225C946A5}.Debug|x64.ActiveCfg = Debug|Any CPU
		{F4DA26B3-34D0-4939-A343-235225C946A5}.Debug|x64.Build.0 = Debug|Any CPU
		{F4DA26B3-34D0-4939-A343-235225C946A5}.Debug|x86.ActiveCfg = Debug|Any CPU
		{F4DA26B3-34D0-4939-A343-235225C946A5}.Debug|x86.Build.0 = Debug|Any CPU
		{F4DA26B3-34D0-4939-A343-235225C946A5}.Release|Any CPU.ActiveCfg = Release|Any CPU
		{F4DA26B3-34D0-4939-A343-235225C946A5}.Release|Any CPU.Build.0 = Release|Any CPU
		{F4DA26B3-34D0-4939-A343-235225C946A5}.Release|x64.ActiveCfg = Release|Any CPU
		{F4DA26B3-34D0-4939-A343-235225C946A5}.Release|x64.Build.0 = Release|Any CPU
		{F4DA26B3-34D0-4939-A343-235225C946A5}.Release|x86.ActiveCfg = Release|Any CPU
		{F4DA26B3-34D0-4939-A343-235225C946A5}.Release|x86.Build.0 = Release|Any CPU
	EndGlobalSection
	GlobalSection(SolutionProperties) = preSolution
		HideSolutionNode = FALSE
	EndGlobalSection
	GlobalSection(ExtensibilityGlobals) = postSolution
		SolutionGuid = {97540617-28BA-4D4A-A4FF-B8B640F260D1}
	EndGlobalSection
EndGlobal
